
Microsoft Visual Studio Solution File, Format Version 12.00
# Visual Studio Version 17
VisualStudioVersion = 17.7.34031.279
MinimumVisualStudioVersion = 10.0.40219.1
Project("{FAE04EC0-301F-11D3-BF4B-00C04F79EFBC}") = "n01603404SuyeonJang", "n01603404SuyeonJang\n01603404SuyeonJang.csproj", "{73C4341A-7FD5-49BE-AC75-2908639204A6}"
EndProject
Global
	GlobalSection(SolutionConfigurationPlatforms) = preSolution
		Debug|Any CPU = Debug|Any CPU
		Release|Any CPU = Release|Any CPU
	EndGlobalSection
	GlobalSection(ProjectConfigurationPlatforms) = postSolution
		{73C4341A-7FD5-49BE-AC75-2908639204A6}.Debug|Any CPU.ActiveCfg = Debug|Any CPU
		{73C4341A-7FD5-49BE-AC75-2908639204A6}.Debug|Any CPU.Build.0 = Debug|Any CPU
		{73C4341A-7FD5-49BE-AC75-2908639204A6}.Release|Any CPU.ActiveCfg = Release|Any CPU
		{73C4341A-7FD5-49BE-AC75-2908639204A6}.Release|Any CPU.Build.0 = Release|Any CPU
	EndGlobalSection
	GlobalSection(SolutionProperties) = preSolution
		HideSolutionNode = FALSE
	EndGlobalSection
	GlobalSection(ExtensibilityGlobals) = postSolution
		SolutionGuid = {A7AA96C5-07DE-4779-AA1C-BF21AA94A62E}
	EndGlobalSection
EndGlobal
